// !$*UTF8*$!
{
	archiveVersion = 1;
	classes = {
	};
	objectVersion = 46;
	objects = {

/* Begin PBXBuildFile section */
		EC4311D61E5B0A6200671372 /* TrueLoveViewController.swift in Sources */ = {isa = PBXBuildFile; fileRef = EC4311D51E5B0A6200671372 /* TrueLoveViewController.swift */; };
		EC4311E61E5B11CC00671372 /* Assets.xcassets in Resources */ = {isa = PBXBuildFile; fileRef = EC4311E51E5B11CC00671372 /* Assets.xcassets */; };
		EC5118851E59D05D00988FA7 /* AppDelegate.swift in Sources */ = {isa = PBXBuildFile; fileRef = EC5118841E59D05D00988FA7 /* AppDelegate.swift */; };
		EC51188A1E59D05D00988FA7 /* Main.storyboard in Resources */ = {isa = PBXBuildFile; fileRef = EC5118881E59D05D00988FA7 /* Main.storyboard */; };
		EC51188F1E59D05D00988FA7 /* LaunchScreen.storyboard in Resources */ = {isa = PBXBuildFile; fileRef = EC51188D1E59D05D00988FA7 /* LaunchScreen.storyboard */; };
/* End PBXBuildFile section */

/* Begin PBXFileReference section */
		EC4311D51E5B0A6200671372 /* TrueLoveViewController.swift */ = {isa = PBXFileReference; fileEncoding = 4; lastKnownFileType = sourcecode.swift; path = TrueLoveViewController.swift; sourceTree = "<group>"; };
		EC4311E51E5B11CC00671372 /* Assets.xcassets */ = {isa = PBXFileReference; lastKnownFileType = folder.assetcatalog; path = Assets.xcassets; sourceTree = "<group>"; };
		EC5118811E59D05D00988FA7 /* iOSSwiftLab3.app */ = {isa = PBXFileReference; explicitFileType = wrapper.application; includeInIndex = 0; path = iOSSwiftLab3.app; sourceTree = BUILT_PRODUCTS_DIR; };
		EC5118841E59D05D00988FA7 /* AppDelegate.swift */ = {isa = PBXFileReference; lastKnownFileType = sourcecode.swift; path = AppDelegate.swift; sourceTree = "<group>"; };
		EC5118891E59D05D00988FA7 /* Base */ = {isa = PBXFileReference; lastKnownFileType = file.storyboard; name = Base; path = Base.lproj/Main.storyboard; sourceTree = "<group>"; };
		EC51188E1E59D05D00988FA7 /* Base */ = {isa = PBXFileReference; lastKnownFileType = file.storyboard; name = Base; path = Base.lproj/LaunchScreen.storyboard; sourceTree = "<group>"; };
		EC5118901E59D05D00988FA7 /* Info.plist */ = {isa = PBXFileReference; lastKnownFileType = text.plist.xml; path = Info.plist; sourceTree = "<group>"; };
/* End PBXFileReference section */

/* Begin PBXFrameworksBuildPhase section */
		EC51187E1E59D05C00988FA7 /* Frameworks */ = {
			isa = PBXFrameworksBuildPhase;
			buildActionMask = 2147483647;
			files = (
			);
			runOnlyForDeploymentPostprocessing = 0;
		};
/* End PBXFrameworksBuildPhase section */

/* Begin PBXGroup section */
		EC5118781E59D05C00988FA7 = {
			isa = PBXGroup;
			children = (
				EC5118831E59D05D00988FA7 /* iOSSwiftLab3 */,
				EC5118821E59D05D00988FA7 /* Products */,
			);
			sourceTree = "<group>";
		};
		EC5118821E59D05D00988FA7 /* Products */ = {
			isa = PBXGroup;
			children = (
				EC5118811E59D05D00988FA7 /* iOSSwiftLab3.app */,
			);
			name = Products;
			sourceTree = "<group>";
		};
		EC5118831E59D05D00988FA7 /* iOSSwiftLab3 */ = {
			isa = PBXGroup;
			children = (
				EC5118841E59D05D00988FA7 /* AppDelegate.swift */,
				EC5118881E59D05D00988FA7 /* Main.storyboard */,
				EC51188D1E59D05D00988FA7 /* LaunchScreen.storyboard */,
				EC5118901E59D05D00988FA7 /* Info.plist */,
				EC4311E51E5B11CC00671372 /* Assets.xcassets */,
				EC4311D51E5B0A6200671372 /* TrueLoveViewController.swift */,
			);
			path = iOSSwiftLab3;
			sourceTree = "<group>";
		};
/* End PBXGroup section */

/* Begin PBXNativeTarget section */
		EC5118801E59D05C00988FA7 /* iOSSwiftLab3 */ = {
			isa = PBXNativeTarget;
			buildConfigurationList = EC5118931E59D05D00988FA7 /* Build configuration list for PBXNativeTarget "iOSSwiftLab3" */;
			buildPhases = (
				EC51187D1E59D05C00988FA7 /* Sources */,
				EC51187E1E59D05C00988FA7 /* Frameworks */,
				EC51187F1E59D05C00988FA7 /* Resources */,
			);
			buildRules = (
			);
			dependencies = (
			);
			name = iOSSwiftLab3;
			productName = iOSSwiftLab3;
			productReference = EC5118811E59D05D00988FA7 /* iOSSwiftLab3.app */;
			productType = "com.apple.product-type.application";
		};
/* End PBXNativeTarget section */

/* Begin PBXProject section */
		EC5118791E59D05C00988FA7 /* Project object */ = {
			isa = PBXProject;
			attributes = {
				LastSwiftUpdateCheck = 0820;
				LastUpgradeCheck = 0820;
				TargetAttributes = {
					EC5118801E59D05C00988FA7 = {
						CreatedOnToolsVersion = 8.2.1;
						ProvisioningStyle = Automatic;
					};
				};
			};
			buildConfigurationList = EC51187C1E59D05C00988FA7 /* Build configuration list for PBXProject "iOSSwiftLab3" */;
			compatibilityVersion = "Xcode 3.2";
			developmentRegion = English;
			hasScannedForEncodings = 0;
			knownRegions = (
				en,
				Base,
			);
			mainGroup = EC5118781E59D05C00988FA7;
			productRefGroup = EC5118821E59D05D00988FA7 /* Products */;
			projectDirPath = "";
			projectRoot = "";
			targets = (
				EC5118801E59D05C00988FA7 /* iOSSwiftLab3 */,
			);
		};
/* End PBXProject section */

/* Begin PBXResourcesBuildPhase section */
		EC51187F1E59D05C00988FA7 /* Resources */ = {
			isa = PBXResourcesBuildPhase;
			buildActionMask = 2147483647;
			files = (
				EC51188F1E59D05D00988FA7 /* LaunchScreen.storyboard in Resources */,
				EC4311E61E5B11CC00671372 /* Assets.xcassets in Resources */,
				EC51188A1E59D05D00988FA7 /* Main.storyboard in Resources */,
			);
			runOnlyForDeploymentPostprocessing = 0;
		};
/* End PBXResourcesBuildPhase section */

/* Begin PBXSourcesBuildPhase section */
		EC51187D1E59D05C00988FA7 /* Sources */ = {
			isa = PBXSourcesBuildPhase;
			buildActionMask = 2147483647;
			files = (
				EC5118851E59D05D00988FA7 /* AppDelegate.swift in Sources */,
				EC4311D61E5B0A6200671372 /* TrueLoveViewController.swift in Sources */,
			);
			runOnlyForDeploymentPostprocessing = 0;
		};
/* End PBXSourcesBuildPhase section */

/* Begin PBXVariantGroup section */
		EC5118881E59D05D00988FA7 /* Main.storyboard */ = {
			isa = PBXVariantGroup;
			children = (
				EC5118891E59D05D00988FA7 /* Base */,
			);
			name = Main.storyboard;
			sourceTree = "<group>";
		};
		EC51188D1E59D05D00988FA7 /* LaunchScreen.storyboard */ = {
			isa = PBXVariantGroup;
			children = (
				EC51188E1E59D05D00988FA7 /* Base */,
			);
			name = LaunchScreen.storyboard;
			sourceTree = "<group>";
		};
/* End PBXVariantGroup section */

/* Begin XCBuildConfiguration section */
		EC5118911E59D05D00988FA7 /* Debug */ = {
			isa = XCBuildConfiguration;
			buildSettings = {
				ALWAYS_SEARCH_USER_PATHS = NO;
				CLANG_ANALYZER_NONNULL = YES;
				CLANG_CXX_LANGUAGE_STANDARD = "gnu++0x";
				CLANG_CXX_LIBRARY = "libc++";
				CLANG_ENABLE_MODULES = YES;
				CLANG_ENABLE_OBJC_ARC = YES;
				CLANG_WARN_BOOL_CONVERSION = YES;
				CLANG_WARN_CONSTANT_CONVERSION = YES;
				CLANG_WARN_DIRECT_OBJC_ISA_USAGE = YES_ERROR;
				CLANG_WARN_DOCUMENTATION_COMMENTS = YES;
				CLANG_WARN_EMPTY_BODY = YES;
				CLANG_WARN_ENUM_CONVERSION = YES;
				CLANG_WARN_INFINITE_RECURSION = YES;
				CLANG_WARN_INT_CONVERSION = YES;
				CLANG_WARN_OBJC_ROOT_CLASS = YES_ERROR;
				CLANG_WARN_SUSPICIOUS_MOVE = YES;
				CLANG_WARN_UNREACHABLE_CODE = YES;
				CLANG_WARN__DUPLICATE_METHOD_MATCH = YES;
				"CODE_SIGN_IDENTITY[sdk=iphoneos*]" = "iPhone Developer";
				COPY_PHASE_STRIP = NO;
				DEBUG_INFORMATION_FORMAT = dwarf;
				ENABLE_STRICT_OBJC_MSGSEND = YES;
				ENABLE_TESTABILITY = YES;
				GCC_C_LANGUAGE_STANDARD = gnu99;
				GCC_DYNAMIC_NO_PIC = NO;
				GCC_NO_COMMON_BLOCKS = YES;
				GCC_OPTIMIZATION_LEVEL = 0;
				GCC_PREPROCESSOR_DEFINITIONS = (
					"DEBUG=1",
					"$(inherited)",
				);
				GCC_WARN_64_TO_32_BIT_CONVERSION = YES;
				GCC_WARN_ABOUT_RETURN_TYPE = YES_ERROR;
				GCC_WARN_UNDECLARED_SELECTOR = YES;
				GCC_WARN_UNINITIALIZED_AUTOS = YES_AGGRESSIVE;
				GCC_WARN_UNUSED_FUNCTION = YES;
				GCC_WARN_UNUSED_VARIABLE = YES;
				IPHONEOS_DEPLOYMENT_TARGET = 10.2;
				MTL_ENABLE_DEBUG_INFO = YES;
				ONLY_ACTIVE_ARCH = YES;
				SDKROOT = iphoneos;
				SWIFT_ACTIVE_COMPILATION_CONDITIONS = DEBUG;
				SWIFT_OPTIMIZATION_LEVEL = "-Onone";
			};
			name = Debug;
		};
		EC5118921E59D05D00988FA7 /* Release */ = {
			isa = XCBuildConfiguration;
			buildSettings = {
				ALWAYS_SEARCH_USER_PATHS = NO;
				CLANG_ANALYZER_NONNULL = YES;
				CLANG_CXX_LANGUAGE_STANDARD = "gnu++0x";
				CLANG_CXX_LIBRARY = "libc++";
				CLANG_ENABLE_MODULES = YES;
				CLANG_ENABLE_OBJC_ARC = YES;
				CLANG_WARN_BOOL_CONVERSION = YES;
				CLANG_WARN_CONSTANT_CONVERSION = YES;
				CLANG_WARN_DIRECT_OBJC_ISA_USAGE = YES_ERROR;
				CLANG_WARN_DOCUMENTATION_COMMENTS = YES;
				CLANG_WARN_EMPTY_BODY = YES;
				CLANG_WARN_ENUM_CONVERSION = YES;
				CLANG_WARN_INFINITE_RECURSION = YES;
				CLANG_WARN_INT_CONVERSION = YES;
				CLANG_WARN_OBJC_ROOT_CLASS = YES_ERROR;
				CLANG_WARN_SUSPICIOUS_MOVE = YES;
				CLANG_WARN_UNREACHABLE_CODE = YES;
				CLANG_WARN__DUPLICATE_METHOD_MATCH = YES;
				"CODE_SIGN_IDENTITY[sdk=iphoneos*]" = "iPhone Developer";
				COPY_PHASE_STRIP = NO;
				DEBUG_INFORMATION_FORMAT = "dwarf-with-dsym";
				ENABLE_NS_ASSERTIONS = NO;
				ENABLE_STRICT_OBJC_MSGSEND = YES;
				GCC_C_LANGUAGE_STANDARD = gnu99;
				GCC_NO_COMMON_BLOCKS = YES;
				GCC_WARN_64_TO_32_BIT_CONVERSION = YES;
				GCC_WARN_ABOUT_RETURN_TYPE = YES_ERROR;
				GCC_WARN_UNDECLARED_SELECTOR = YES;
				GCC_WARN_UNINITIALIZED_AUTOS = YES_AGGRESSIVE;
				GCC_WARN_UNUSED_FUNCTION = YES;
				GCC_WARN_UNUSED_VARIABLE = YES;
				IPHONEOS_DEPLOYMENT_TARGET = 10.2;
				MTL_ENABLE_DEBUG_INFO = NO;
				SDKROOT = iphoneos;
				SWIFT_OPTIMIZATION_LEVEL = "-Owholemodule";
				VALIDATE_PRODUCT = YES;
			};
			name = Release;
		};
		EC5118941E59D05D00988FA7 /* Debug */ = {
			isa = XCBuildConfiguration;
			buildSettings = {
				ASSETCATALOG_COMPILER_APPICON_NAME = AppIcon;
				INFOPLIST_FILE = iOSSwiftLab3/Info.plist;
				LD_RUNPATH_SEARCH_PATHS = "$(inherited) @executable_path/Frameworks";
				PRODUCT_BUNDLE_IDENTIFIER = com.gatesakagi.iOSSwiftLab3;
				PRODUCT_NAME = "$(TARGET_NAME)";
				SWIFT_VERSION = 3.0;
			};
			name = Debug;
		};
		EC5118951E59D05D00988FA7 /* Release */ = {
			isa = XCBuildConfiguration;
			buildSettings = {
				ASSETCATALOG_COMPILER_APPICON_NAME = AppIcon;
				INFOPLIST_FILE = iOSSwiftLab3/Info.plist;
				LD_RUNPATH_SEARCH_PATHS = "$(inherited) @executable_path/Frameworks";
				PRODUCT_BUNDLE_IDENTIFIER = com.gatesakagi.iOSSwiftLab3;
				PRODUCT_NAME = "$(TARGET_NAME)";
				SWIFT_VERSION = 3.0;
			};
			name = Release;
		};
/* End XCBuildConfiguration section */

/* Begin XCConfigurationList section */
		EC51187C1E59D05C00988FA7 /* Build configuration list for PBXProject "iOSSwiftLab3" */ = {
			isa = XCConfigurationList;
			buildConfigurations = (
				EC5118911E59D05D00988FA7 /* Debug */,
				EC5118921E59D05D00988FA7 /* Release */,
			);
			defaultConfigurationIsVisible = 0;
			defaultConfigurationName = Release;
		};
		EC5118931E59D05D00988FA7 /* Build configuration list for PBXNativeTarget "iOSSwiftLab3" */ = {
			isa = XCConfigurationList;
			buildConfigurations = (
				EC5118941E59D05D00988FA7 /* Debug */,
				EC5118951E59D05D00988FA7 /* Release */,
			);
			defaultConfigurationIsVisible = 0;
			defaultConfigurationName = Release;
		};
/* End XCConfigurationList section */
	};
	rootObject = EC5118791E59D05C00988FA7 /* Project object */;
}
